
Microsoft Visual Studio Solution File, Format Version 12.00
# Visual Studio Version 17
VisualStudioVersion = 17.6.33723.286
MinimumVisualStudioVersion = 10.0.40219.1
Project("{FAE04EC0-301F-11D3-BF4B-00C04F79EFBC}") = "RandomNumberGen", "RandomNumberGen\RandomNumberGen.csproj", "{54528E2F-12AC-4F67-B966-0D89F5879AA6}"
EndProject
Global
	GlobalSection(SolutionConfigurationPlatforms) = preSolution
		Debug|Any CPU = Debug|Any CPU
		Release|Any CPU = Release|Any CPU
	EndGlobalSection
	GlobalSection(ProjectConfigurationPlatforms) = postSolution
		{54528E2F-12AC-4F67-B966-0D89F5879AA6}.Debug|Any CPU.ActiveCfg = Debug|Any CPU
		{54528E2F-12AC-4F67-B966-0D89F5879AA6}.Debug|Any CPU.Build.0 = Debug|Any CPU
		{54528E2F-12AC-4F67-B966-0D89F5879AA6}.Release|Any CPU.ActiveCfg = Release|Any CPU
		{54528E2F-12AC-4F67-B966-0D89F5879AA6}.Release|Any CPU.Build.0 = Release|Any CPU
	EndGlobalSection
	GlobalSection(SolutionProperties) = preSolution
		HideSolutionNode = FALSE
	EndGlobalSection
	GlobalSection(ExtensibilityGlobals) = postSolution
		SolutionGuid = {35CDA9F9-E053-4CBC-A91D-53B930C6A8CA}
	EndGlobalSection
EndGlobal
